
Microsoft Visual Studio Solution File, Format Version 12.00
# Visual Studio Version 16
VisualStudioVersion = 16.0.30104.148
MinimumVisualStudioVersion = 10.0.40219.1
Project("{FAE04EC0-301F-11D3-BF4B-00C04F79EFBC}") = "WedBanHang", "WedBanHang\WedBanHang.csproj", "{E7A54F99-2407-493E-AE7C-19E64627EFCE}"
EndProject
Project("{9A19103F-16F7-4668-BE54-9A1E7A4F7556}") = "Test_TaiKhoan", "Test_TaiKhoan\Test_TaiKhoan.csproj", "{92B6349D-8E6D-4BAF-908E-5AD057460EDD}"
EndProject
Project("{FAE04EC0-301F-11D3-BF4B-00C04F79EFBC}") = "Test_HoSo", "Test_HoSo\Test_HoSo.csproj", "{4BAF720B-65FF-4096-9DE3-43A40171ADA3}"
EndProject
Global
	GlobalSection(SolutionConfigurationPlatforms) = preSolution
		Debug|Any CPU = Debug|Any CPU
		Release|Any CPU = Release|Any CPU
	EndGlobalSection
	GlobalSection(ProjectConfigurationPlatforms) = postSolution
		{E7A54F99-2407-493E-AE7C-19E64627EFCE}.Debug|Any CPU.ActiveCfg = Debug|Any CPU
		{E7A54F99-2407-493E-AE7C-19E64627EFCE}.Debug|Any CPU.Build.0 = Debug|Any CPU
		{E7A54F99-2407-493E-AE7C-19E64627EFCE}.Release|Any CPU.ActiveCfg = Release|Any CPU
		{E7A54F99-2407-493E-AE7C-19E64627EFCE}.Release|Any CPU.Build.0 = Release|Any CPU
		{92B6349D-8E6D-4BAF-908E-5AD057460EDD}.Debug|Any CPU.ActiveCfg = Debug|Any CPU
		{92B6349D-8E6D-4BAF-908E-5AD057460EDD}.Debug|Any CPU.Build.0 = Debug|Any CPU
		{92B6349D-8E6D-4BAF-908E-5AD057460EDD}.Release|Any CPU.ActiveCfg = Release|Any CPU
		{92B6349D-8E6D-4BAF-908E-5AD057460EDD}.Release|Any CPU.Build.0 = Release|Any CPU
		{4BAF720B-65FF-4096-9DE3-43A40171ADA3}.Debug|Any CPU.ActiveCfg = Debug|Any CPU
		{4BAF720B-65FF-4096-9DE3-43A40171ADA3}.Debug|Any CPU.Build.0 = Debug|Any CPU
		{4BAF720B-65FF-4096-9DE3-43A40171ADA3}.Release|Any CPU.ActiveCfg = Release|Any CPU
		{4BAF720B-65FF-4096-9DE3-43A40171ADA3}.Release|Any CPU.Build.0 = Release|Any CPU
	EndGlobalSection
	GlobalSection(SolutionProperties) = preSolution
		HideSolutionNode = FALSE
	EndGlobalSection
	GlobalSection(ExtensibilityGlobals) = postSolution
		SolutionGuid = {F33FD549-6A0C-4D37-9748-738B022BE5C2}
	EndGlobalSection
EndGlobal
